
Microsoft Visual Studio Solution File, Format Version 12.00
# Visual Studio Version 17
VisualStudioVersion = 17.6.33815.320
MinimumVisualStudioVersion = 10.0.40219.1
Project("{FAE04EC0-301F-11D3-BF4B-00C04F79EFBC}") = "lab3", "lab3\lab3.csproj", "{A926916F-28A4-4C60-B11D-90B978A3333F}"
EndProject
Global
	GlobalSection(SolutionConfigurationPlatforms) = preSolution
		Debug|Any CPU = Debug|Any CPU
		Release|Any CPU = Release|Any CPU
	EndGlobalSection
	GlobalSection(ProjectConfigurationPlatforms) = postSolution
		{A926916F-28A4-4C60-B11D-90B978A3333F}.Debug|Any CPU.ActiveCfg = Debug|Any CPU
		{A926916F-28A4-4C60-B11D-90B978A3333F}.Debug|Any CPU.Build.0 = Debug|Any CPU
		{A926916F-28A4-4C60-B11D-90B978A3333F}.Release|Any CPU.ActiveCfg = Release|Any CPU
		{A926916F-28A4-4C60-B11D-90B978A3333F}.Release|Any CPU.Build.0 = Release|Any CPU
	EndGlobalSection
	GlobalSection(SolutionProperties) = preSolution
		HideSolutionNode = FALSE
	EndGlobalSection
	GlobalSection(ExtensibilityGlobals) = postSolution
		SolutionGuid = {A7420756-121A-4C52-80DB-3A76C3948845}
	EndGlobalSection
EndGlobal
